
Microsoft Visual Studio Solution File, Format Version 12.00
# Visual Studio Version 16
VisualStudioVersion = 16.0.30711.63
MinimumVisualStudioVersion = 10.0.40219.1
Project("{FAE04EC0-301F-11D3-BF4B-00C04F79EFBC}") = "Vozový park", "Vozový park\Vozový park.csproj", "{5A8CE8BC-6B40-4934-97DA-96A84F5BCBB4}"
EndProject
Global
	GlobalSection(SolutionConfigurationPlatforms) = preSolution
		Debug|Any CPU = Debug|Any CPU
		Release|Any CPU = Release|Any CPU
	EndGlobalSection
	GlobalSection(ProjectConfigurationPlatforms) = postSolution
		{5A8CE8BC-6B40-4934-97DA-96A84F5BCBB4}.Debug|Any CPU.ActiveCfg = Debug|Any CPU
		{5A8CE8BC-6B40-4934-97DA-96A84F5BCBB4}.Debug|Any CPU.Build.0 = Debug|Any CPU
		{5A8CE8BC-6B40-4934-97DA-96A84F5BCBB4}.Release|Any CPU.ActiveCfg = Release|Any CPU
		{5A8CE8BC-6B40-4934-97DA-96A84F5BCBB4}.Release|Any CPU.Build.0 = Release|Any CPU
	EndGlobalSection
	GlobalSection(SolutionProperties) = preSolution
		HideSolutionNode = FALSE
	EndGlobalSection
	GlobalSection(ExtensibilityGlobals) = postSolution
		SolutionGuid = {1806FBCE-D801-4F11-A3A0-5ECC76531DA9}
	EndGlobalSection
EndGlobal
